
Microsoft Visual Studio Solution File, Format Version 12.00
# Visual Studio Version 16
VisualStudioVersion = 16.0.31005.135
MinimumVisualStudioVersion = 10.0.40219.1
Project("{FAE04EC0-301F-11D3-BF4B-00C04F79EFBC}") = "Api", "Api.csproj", "{8A1E1D92-99A2-4529-B89D-9F8C8ECA59C4}"
EndProject
Project("{9A19103F-16F7-4668-BE54-9A1E7A4F7556}") = "ConsoleApp3", "..\ConsoleApp3\ConsoleApp3.csproj", "{BACAF077-A000-4DF9-B8F7-76AFFD5A813A}"
EndProject
Project("{9A19103F-16F7-4668-BE54-9A1E7A4F7556}") = "ApiCore", "..\ApiCore\ApiCore.csproj", "{A559C482-9208-4DEC-8FD5-B7C324489594}"
EndProject
Project("{9A19103F-16F7-4668-BE54-9A1E7A4F7556}") = "CompConsole", "..\CompConsole\CompConsole.csproj", "{5A4C74DB-0E72-4B83-801D-D2F6BDBDFF60}"
EndProject
Global
	GlobalSection(SolutionConfigurationPlatforms) = preSolution
		Debug|Any CPU = Debug|Any CPU
		Release|Any CPU = Release|Any CPU
	EndGlobalSection
	GlobalSection(ProjectConfigurationPlatforms) = postSolution
		{8A1E1D92-99A2-4529-B89D-9F8C8ECA59C4}.Debug|Any CPU.ActiveCfg = Debug|Any CPU
		{8A1E1D92-99A2-4529-B89D-9F8C8ECA59C4}.Debug|Any CPU.Build.0 = Debug|Any CPU
		{8A1E1D92-99A2-4529-B89D-9F8C8ECA59C4}.Release|Any CPU.ActiveCfg = Release|Any CPU
		{8A1E1D92-99A2-4529-B89D-9F8C8ECA59C4}.Release|Any CPU.Build.0 = Release|Any CPU
		{BACAF077-A000-4DF9-B8F7-76AFFD5A813A}.Debug|Any CPU.ActiveCfg = Debug|Any CPU
		{BACAF077-A000-4DF9-B8F7-76AFFD5A813A}.Debug|Any CPU.Build.0 = Debug|Any CPU
		{BACAF077-A000-4DF9-B8F7-76AFFD5A813A}.Release|Any CPU.ActiveCfg = Release|Any CPU
		{BACAF077-A000-4DF9-B8F7-76AFFD5A813A}.Release|Any CPU.Build.0 = Release|Any CPU
		{A559C482-9208-4DEC-8FD5-B7C324489594}.Debug|Any CPU.ActiveCfg = Debug|Any CPU
		{A559C482-9208-4DEC-8FD5-B7C324489594}.Debug|Any CPU.Build.0 = Debug|Any CPU
		{A559C482-9208-4DEC-8FD5-B7C324489594}.Release|Any CPU.ActiveCfg = Release|Any CPU
		{A559C482-9208-4DEC-8FD5-B7C324489594}.Release|Any CPU.Build.0 = Release|Any CPU
		{5A4C74DB-0E72-4B83-801D-D2F6BDBDFF60}.Debug|Any CPU.ActiveCfg = Debug|Any CPU
		{5A4C74DB-0E72-4B83-801D-D2F6BDBDFF60}.Debug|Any CPU.Build.0 = Debug|Any CPU
		{5A4C74DB-0E72-4B83-801D-D2F6BDBDFF60}.Release|Any CPU.ActiveCfg = Release|Any CPU
		{5A4C74DB-0E72-4B83-801D-D2F6BDBDFF60}.Release|Any CPU.Build.0 = Release|Any CPU
	EndGlobalSection
	GlobalSection(SolutionProperties) = preSolution
		HideSolutionNode = FALSE
	EndGlobalSection
	GlobalSection(ExtensibilityGlobals) = postSolution
		SolutionGuid = {B09B5589-E48A-4B28-894B-95AEE4AED596}
	EndGlobalSection
EndGlobal
